{
  "lockfileVersion": 1,
  "workspaces": {
    "": {
      "dependencies": {
        "@noble/hashes": "^2.0.1",
      },
    },
  },
  "packages": {
    "@noble/hashes": ["@noble/hashes@2.0.1", "", {}, "sha512-XlOlEbQcE9fmuXxrVTXCTlG2nlRXa9Rj3rr5Ue/+tX+nmkgbX720YHh0VR3hBF9xDvwnb8D2shVGOwNx+ulArw=="],
  }
}
